
Microsoft Visual Studio Solution File, Format Version 12.00
# Visual Studio Version 16
VisualStudioVersion = 16.0.31727.386
MinimumVisualStudioVersion = 10.0.40219.1
Project("{FAE04EC0-301F-11D3-BF4B-00C04F79EFBC}") = "Andreea_Vidican_Lab 2", "Andreea_Vidican_Lab 2.csproj", "{1A86ACC7-9A58-4FA8-8E6F-979D3E51CF87}"
EndProject
Global
	GlobalSection(SolutionConfigurationPlatforms) = preSolution
		Debug|Any CPU = Debug|Any CPU
		Release|Any CPU = Release|Any CPU
	EndGlobalSection
	GlobalSection(ProjectConfigurationPlatforms) = postSolution
		{1A86ACC7-9A58-4FA8-8E6F-979D3E51CF87}.Debug|Any CPU.ActiveCfg = Debug|Any CPU
		{1A86ACC7-9A58-4FA8-8E6F-979D3E51CF87}.Debug|Any CPU.Build.0 = Debug|Any CPU
		{1A86ACC7-9A58-4FA8-8E6F-979D3E51CF87}.Release|Any CPU.ActiveCfg = Release|Any CPU
		{1A86ACC7-9A58-4FA8-8E6F-979D3E51CF87}.Release|Any CPU.Build.0 = Release|Any CPU
	EndGlobalSection
	GlobalSection(SolutionProperties) = preSolution
		HideSolutionNode = FALSE
	EndGlobalSection
	GlobalSection(ExtensibilityGlobals) = postSolution
		SolutionGuid = {BCC248EA-A5E9-49E6-9357-725A25920B8A}
	EndGlobalSection
EndGlobal
